
Microsoft Visual Studio Solution File, Format Version 12.00
# Visual Studio 15
Project("{FAE04EC0-301F-11D3-BF4B-00C04F79EFBC}") = "Assembly-CSharp", "Assembly-CSharp.csproj", "{DFDF609B-4F36-FFAE-A57C-23FE79D847C8}"
EndProject
Project("{FAE04EC0-301F-11D3-BF4B-00C04F79EFBC}") = "Assembly-CSharp-Editor", "Assembly-CSharp-Editor.csproj", "{A040B46A-A7FE-A764-467A-1F5E40C7F966}"
EndProject
Global
	GlobalSection(SolutionConfigurationPlatforms) = preSolution
		Debug|Any CPU = Debug|Any CPU
		Release|Any CPU = Release|Any CPU
	EndGlobalSection
	GlobalSection(ProjectConfigurationPlatforms) = postSolution
		{DFDF609B-4F36-FFAE-A57C-23FE79D847C8}.Debug|Any CPU.ActiveCfg = Debug|Any CPU
		{DFDF609B-4F36-FFAE-A57C-23FE79D847C8}.Debug|Any CPU.Build.0 = Debug|Any CPU
		{DFDF609B-4F36-FFAE-A57C-23FE79D847C8}.Release|Any CPU.ActiveCfg = Release|Any CPU
		{DFDF609B-4F36-FFAE-A57C-23FE79D847C8}.Release|Any CPU.Build.0 = Release|Any CPU
		{A040B46A-A7FE-A764-467A-1F5E40C7F966}.Debug|Any CPU.ActiveCfg = Debug|Any CPU
		{A040B46A-A7FE-A764-467A-1F5E40C7F966}.Debug|Any CPU.Build.0 = Debug|Any CPU
		{A040B46A-A7FE-A764-467A-1F5E40C7F966}.Release|Any CPU.ActiveCfg = Release|Any CPU
		{A040B46A-A7FE-A764-467A-1F5E40C7F966}.Release|Any CPU.Build.0 = Release|Any CPU
	EndGlobalSection
	GlobalSection(SolutionProperties) = preSolution
		HideSolutionNode = FALSE
	EndGlobalSection
EndGlobal
